
Microsoft Visual Studio Solution File, Format Version 12.00
# Visual Studio Version 17
VisualStudioVersion = 17.8.34309.116
MinimumVisualStudioVersion = 10.0.40219.1
Project("{9A19103F-16F7-4668-BE54-9A1E7A4F7556}") = "Restore.API", "Restore.API\Restore.API.csproj", "{5DEFDC17-F1D4-45BC-90D3-302761A61C5F}"
EndProject
Project("{54A90642-561A-4BB1-A94E-469ADEE60C69}") = "restore.client", "restore.client\restore.client.esproj", "{3314B428-80E8-49A2-A509-E631C7282734}"
EndProject
Global
	GlobalSection(SolutionConfigurationPlatforms) = preSolution
		Debug|Any CPU = Debug|Any CPU
		Release|Any CPU = Release|Any CPU
	EndGlobalSection
	GlobalSection(ProjectConfigurationPlatforms) = postSolution
		{5DEFDC17-F1D4-45BC-90D3-302761A61C5F}.Debug|Any CPU.ActiveCfg = Debug|Any CPU
		{5DEFDC17-F1D4-45BC-90D3-302761A61C5F}.Debug|Any CPU.Build.0 = Debug|Any CPU
		{5DEFDC17-F1D4-45BC-90D3-302761A61C5F}.Release|Any CPU.ActiveCfg = Release|Any CPU
		{5DEFDC17-F1D4-45BC-90D3-302761A61C5F}.Release|Any CPU.Build.0 = Release|Any CPU
		{3314B428-80E8-49A2-A509-E631C7282734}.Debug|Any CPU.ActiveCfg = Debug|Any CPU
		{3314B428-80E8-49A2-A509-E631C7282734}.Debug|Any CPU.Build.0 = Debug|Any CPU
		{3314B428-80E8-49A2-A509-E631C7282734}.Debug|Any CPU.Deploy.0 = Debug|Any CPU
		{3314B428-80E8-49A2-A509-E631C7282734}.Release|Any CPU.ActiveCfg = Release|Any CPU
		{3314B428-80E8-49A2-A509-E631C7282734}.Release|Any CPU.Build.0 = Release|Any CPU
		{3314B428-80E8-49A2-A509-E631C7282734}.Release|Any CPU.Deploy.0 = Release|Any CPU
	EndGlobalSection
	GlobalSection(SolutionProperties) = preSolution
		HideSolutionNode = FALSE
	EndGlobalSection
	GlobalSection(ExtensibilityGlobals) = postSolution
		SolutionGuid = {13FBA3E9-8592-4895-9727-8F7FAB6D4D2A}
	EndGlobalSection
EndGlobal
